
Microsoft Visual Studio Solution File, Format Version 12.00
# Visual Studio Version 17
VisualStudioVersion = 17.5.002.0
MinimumVisualStudioVersion = 10.0.40219.1
Project("{9A19103F-16F7-4668-BE54-9A1E7A4F7556}") = "ObserverScheduler", "ObserverScheduler.csproj", "{B487F0DB-DD95-4905-9E9E-35FEE51A5B1E}"
EndProject
Global
	GlobalSection(SolutionConfigurationPlatforms) = preSolution
		Debug|Any CPU = Debug|Any CPU
		Release|Any CPU = Release|Any CPU
	EndGlobalSection
	GlobalSection(ProjectConfigurationPlatforms) = postSolution
		{B487F0DB-DD95-4905-9E9E-35FEE51A5B1E}.Debug|Any CPU.ActiveCfg = Debug|Any CPU
		{B487F0DB-DD95-4905-9E9E-35FEE51A5B1E}.Debug|Any CPU.Build.0 = Debug|Any CPU
		{B487F0DB-DD95-4905-9E9E-35FEE51A5B1E}.Release|Any CPU.ActiveCfg = Release|Any CPU
		{B487F0DB-DD95-4905-9E9E-35FEE51A5B1E}.Release|Any CPU.Build.0 = Release|Any CPU
	EndGlobalSection
	GlobalSection(SolutionProperties) = preSolution
		HideSolutionNode = FALSE
	EndGlobalSection
	GlobalSection(ExtensibilityGlobals) = postSolution
		SolutionGuid = {C9F88217-E3EE-4088-B16B-AF28C10485A9}
	EndGlobalSection
EndGlobal
